
Microsoft Visual Studio Solution File, Format Version 12.00
# Visual Studio Version 17
VisualStudioVersion = 17.1.32421.90
MinimumVisualStudioVersion = 10.0.40219.1
Project("{FAE04EC0-301F-11D3-BF4B-00C04F79EFBC}") = "Gateway", "Gateway\Gateway.csproj", "{1BB4FBA0-C1EB-40AC-BC3C-CB19B95E1BAC}"
EndProject
Global
	GlobalSection(SolutionConfigurationPlatforms) = preSolution
		Debug|Any CPU = Debug|Any CPU
		Release|Any CPU = Release|Any CPU
	EndGlobalSection
	GlobalSection(ProjectConfigurationPlatforms) = postSolution
		{1BB4FBA0-C1EB-40AC-BC3C-CB19B95E1BAC}.Debug|Any CPU.ActiveCfg = Debug|Any CPU
		{1BB4FBA0-C1EB-40AC-BC3C-CB19B95E1BAC}.Debug|Any CPU.Build.0 = Debug|Any CPU
		{1BB4FBA0-C1EB-40AC-BC3C-CB19B95E1BAC}.Release|Any CPU.ActiveCfg = Release|Any CPU
		{1BB4FBA0-C1EB-40AC-BC3C-CB19B95E1BAC}.Release|Any CPU.Build.0 = Release|Any CPU
	EndGlobalSection
	GlobalSection(SolutionProperties) = preSolution
		HideSolutionNode = FALSE
	EndGlobalSection
	GlobalSection(ExtensibilityGlobals) = postSolution
		SolutionGuid = {B3CD2A05-CAB5-4558-9440-65BE7B4BCEFC}
	EndGlobalSection
EndGlobal
